
Microsoft Visual Studio Solution File, Format Version 12.00
# Visual Studio 15
VisualStudioVersion = 15.0.26730.12
MinimumVisualStudioVersion = 10.0.40219.1
Project("{2150E333-8FDC-42A3-9474-1A3956D46DE8}") = "src", "src", "{341739D3-B958-456C-9CC5-01D3CF824CB2}"
EndProject
Project("{9A19103F-16F7-4668-BE54-9A1E7A4F7556}") = "Incontrl.Net", "src\Incontrl.Net\Incontrl.Net.csproj", "{E3EDEF43-FDCD-4FC4-9D92-505AFBF8E135}"
EndProject
Project("{2150E333-8FDC-42A3-9474-1A3956D46DE8}") = "test", "test", "{74D587F7-8D5A-4900-B7E1-BAB39220825F}"
EndProject
Project("{FAE04EC0-301F-11D3-BF4B-00C04F79EFBC}") = "Incontrl.Net.Tests", "Incontrl.Net.Tests\Incontrl.Net.Tests.csproj", "{1355FB70-BA1D-4661-91B0-2417A51FB4AE}"
EndProject
Global
	GlobalSection(SolutionConfigurationPlatforms) = preSolution
		Debug|Any CPU = Debug|Any CPU
		Release|Any CPU = Release|Any CPU
	EndGlobalSection
	GlobalSection(ProjectConfigurationPlatforms) = postSolution
		{E3EDEF43-FDCD-4FC4-9D92-505AFBF8E135}.Debug|Any CPU.ActiveCfg = Debug|Any CPU
		{E3EDEF43-FDCD-4FC4-9D92-505AFBF8E135}.Debug|Any CPU.Build.0 = Debug|Any CPU
		{E3EDEF43-FDCD-4FC4-9D92-505AFBF8E135}.Release|Any CPU.ActiveCfg = Release|Any CPU
		{E3EDEF43-FDCD-4FC4-9D92-505AFBF8E135}.Release|Any CPU.Build.0 = Release|Any CPU
		{1355FB70-BA1D-4661-91B0-2417A51FB4AE}.Debug|Any CPU.ActiveCfg = Debug|Any CPU
		{1355FB70-BA1D-4661-91B0-2417A51FB4AE}.Debug|Any CPU.Build.0 = Debug|Any CPU
		{1355FB70-BA1D-4661-91B0-2417A51FB4AE}.Release|Any CPU.ActiveCfg = Release|Any CPU
		{1355FB70-BA1D-4661-91B0-2417A51FB4AE}.Release|Any CPU.Build.0 = Release|Any CPU
	EndGlobalSection
	GlobalSection(SolutionProperties) = preSolution
		HideSolutionNode = FALSE
	EndGlobalSection
	GlobalSection(NestedProjects) = preSolution
		{E3EDEF43-FDCD-4FC4-9D92-505AFBF8E135} = {341739D3-B958-456C-9CC5-01D3CF824CB2}
		{1355FB70-BA1D-4661-91B0-2417A51FB4AE} = {74D587F7-8D5A-4900-B7E1-BAB39220825F}
	EndGlobalSection
	GlobalSection(ExtensibilityGlobals) = postSolution
		SolutionGuid = {435B3DEA-89F8-45C3-8C3A-A434161C5FDC}
	EndGlobalSection
EndGlobal
